
Microsoft Visual Studio Solution File, Format Version 12.00
# Visual Studio Version 16
VisualStudioVersion = 16.0.31129.286
MinimumVisualStudioVersion = 10.0.40219.1
Project("{FAE04EC0-301F-11D3-BF4B-00C04F79EFBC}") = "AmazingToDo", "AmazingToDo\AmazingToDo.csproj", "{8E4C3251-6E0E-4045-B5F7-E968677472F2}"
EndProject
Project("{FAE04EC0-301F-11D3-BF4B-00C04F79EFBC}") = "ViewModels", "ViewModels\ViewModels.csproj", "{B8F597BF-780D-4B0B-AA0C-AE0F7B4F8F59}"
EndProject
Project("{FAE04EC0-301F-11D3-BF4B-00C04F79EFBC}") = "Models", "Models\Models.csproj", "{F7BDD9BD-1E84-4DDA-8D0E-9D8559CDE3EA}"
EndProject
Project("{FAE04EC0-301F-11D3-BF4B-00C04F79EFBC}") = "Commands", "Commands\Commands.csproj", "{3AD30200-0CDD-4143-8EBE-6A827B4B4B27}"
EndProject
Global
	GlobalSection(SolutionConfigurationPlatforms) = preSolution
		Debug|Any CPU = Debug|Any CPU
		Debug|ARM = Debug|ARM
		Debug|ARM64 = Debug|ARM64
		Debug|x64 = Debug|x64
		Debug|x86 = Debug|x86
		Release|Any CPU = Release|Any CPU
		Release|ARM = Release|ARM
		Release|ARM64 = Release|ARM64
		Release|x64 = Release|x64
		Release|x86 = Release|x86
	EndGlobalSection
	GlobalSection(ProjectConfigurationPlatforms) = postSolution
		{8E4C3251-6E0E-4045-B5F7-E968677472F2}.Debug|Any CPU.ActiveCfg = Debug|x86
		{8E4C3251-6E0E-4045-B5F7-E968677472F2}.Debug|ARM.ActiveCfg = Debug|ARM
		{8E4C3251-6E0E-4045-B5F7-E968677472F2}.Debug|ARM.Build.0 = Debug|ARM
		{8E4C3251-6E0E-4045-B5F7-E968677472F2}.Debug|ARM.Deploy.0 = Debug|ARM
		{8E4C3251-6E0E-4045-B5F7-E968677472F2}.Debug|ARM64.ActiveCfg = Debug|ARM64
		{8E4C3251-6E0E-4045-B5F7-E968677472F2}.Debug|ARM64.Build.0 = Debug|ARM64
		{8E4C3251-6E0E-4045-B5F7-E968677472F2}.Debug|ARM64.Deploy.0 = Debug|ARM64
		{8E4C3251-6E0E-4045-B5F7-E968677472F2}.Debug|x64.ActiveCfg = Debug|x64
		{8E4C3251-6E0E-4045-B5F7-E968677472F2}.Debug|x64.Build.0 = Debug|x64
		{8E4C3251-6E0E-4045-B5F7-E968677472F2}.Debug|x64.Deploy.0 = Debug|x64
		{8E4C3251-6E0E-4045-B5F7-E968677472F2}.Debug|x86.ActiveCfg = Debug|x86
		{8E4C3251-6E0E-4045-B5F7-E968677472F2}.Debug|x86.Build.0 = Debug|x86
		{8E4C3251-6E0E-4045-B5F7-E968677472F2}.Debug|x86.Deploy.0 = Debug|x86
		{8E4C3251-6E0E-4045-B5F7-E968677472F2}.Release|Any CPU.ActiveCfg = Release|x86
		{8E4C3251-6E0E-4045-B5F7-E968677472F2}.Release|ARM.ActiveCfg = Release|ARM
		{8E4C3251-6E0E-4045-B5F7-E968677472F2}.Release|ARM.Build.0 = Release|ARM
		{8E4C3251-6E0E-4045-B5F7-E968677472F2}.Release|ARM.Deploy.0 = Release|ARM
		{8E4C3251-6E0E-4045-B5F7-E968677472F2}.Release|ARM64.ActiveCfg = Release|ARM64
		{8E4C3251-6E0E-4045-B5F7-E968677472F2}.Release|ARM64.Build.0 = Release|ARM64
		{8E4C3251-6E0E-4045-B5F7-E968677472F2}.Release|ARM64.Deploy.0 = Release|ARM64
		{8E4C3251-6E0E-4045-B5F7-E968677472F2}.Release|x64.ActiveCfg = Release|x64
		{8E4C3251-6E0E-4045-B5F7-E968677472F2}.Release|x64.Build.0 = Release|x64
		{8E4C3251-6E0E-4045-B5F7-E968677472F2}.Release|x64.Deploy.0 = Release|x64
		{8E4C3251-6E0E-4045-B5F7-E968677472F2}.Release|x86.ActiveCfg = Release|x86
		{8E4C3251-6E0E-4045-B5F7-E968677472F2}.Release|x86.Build.0 = Release|x86
		{8E4C3251-6E0E-4045-B5F7-E968677472F2}.Release|x86.Deploy.0 = Release|x86
		{B8F597BF-780D-4B0B-AA0C-AE0F7B4F8F59}.Debug|Any CPU.ActiveCfg = Debug|Any CPU
		{B8F597BF-780D-4B0B-AA0C-AE0F7B4F8F59}.Debug|Any CPU.Build.0 = Debug|Any CPU
		{B8F597BF-780D-4B0B-AA0C-AE0F7B4F8F59}.Debug|ARM.ActiveCfg = Debug|ARM
		{B8F597BF-780D-4B0B-AA0C-AE0F7B4F8F59}.Debug|ARM.Build.0 = Debug|ARM
		{B8F597BF-780D-4B0B-AA0C-AE0F7B4F8F59}.Debug|ARM64.ActiveCfg = Debug|ARM64
		{B8F597BF-780D-4B0B-AA0C-AE0F7B4F8F59}.Debug|ARM64.Build.0 = Debug|ARM64
		{B8F597BF-780D-4B0B-AA0C-AE0F7B4F8F59}.Debug|x64.ActiveCfg = Debug|x64
		{B8F597BF-780D-4B0B-AA0C-AE0F7B4F8F59}.Debug|x64.Build.0 = Debug|x64
		{B8F597BF-780D-4B0B-AA0C-AE0F7B4F8F59}.Debug|x86.ActiveCfg = Debug|x86
		{B8F597BF-780D-4B0B-AA0C-AE0F7B4F8F59}.Debug|x86.Build.0 = Debug|x86
		{B8F597BF-780D-4B0B-AA0C-AE0F7B4F8F59}.Release|Any CPU.ActiveCfg = Release|Any CPU
		{B8F597BF-780D-4B0B-AA0C-AE0F7B4F8F59}.Release|Any CPU.Build.0 = Release|Any CPU
		{B8F597BF-780D-4B0B-AA0C-AE0F7B4F8F59}.Release|ARM.ActiveCfg = Release|ARM
		{B8F597BF-780D-4B0B-AA0C-AE0F7B4F8F59}.Release|ARM.Build.0 = Release|ARM
		{B8F597BF-780D-4B0B-AA0C-AE0F7B4F8F59}.Release|ARM64.ActiveCfg = Release|ARM64
		{B8F597BF-780D-4B0B-AA0C-AE0F7B4F8F59}.Release|ARM64.Build.0 = Release|ARM64
		{B8F597BF-780D-4B0B-AA0C-AE0F7B4F8F59}.Release|x64.ActiveCfg = Release|x64
		{B8F597BF-780D-4B0B-AA0C-AE0F7B4F8F59}.Release|x64.Build.0 = Release|x64
		{B8F597BF-780D-4B0B-AA0C-AE0F7B4F8F59}.Release|x86.ActiveCfg = Release|x86
		{B8F597BF-780D-4B0B-AA0C-AE0F7B4F8F59}.Release|x86.Build.0 = Release|x86
		{F7BDD9BD-1E84-4DDA-8D0E-9D8559CDE3EA}.Debug|Any CPU.ActiveCfg = Debug|Any CPU
		{F7BDD9BD-1E84-4DDA-8D0E-9D8559CDE3EA}.Debug|Any CPU.Build.0 = Debug|Any CPU
		{F7BDD9BD-1E84-4DDA-8D0E-9D8559CDE3EA}.Debug|ARM.ActiveCfg = Debug|ARM
		{F7BDD9BD-1E84-4DDA-8D0E-9D8559CDE3EA}.Debug|ARM.Build.0 = Debug|ARM
		{F7BDD9BD-1E84-4DDA-8D0E-9D8559CDE3EA}.Debug|ARM64.ActiveCfg = Debug|ARM64
		{F7BDD9BD-1E84-4DDA-8D0E-9D8559CDE3EA}.Debug|ARM64.Build.0 = Debug|ARM64
		{F7BDD9BD-1E84-4DDA-8D0E-9D8559CDE3EA}.Debug|x64.ActiveCfg = Debug|x64
		{F7BDD9BD-1E84-4DDA-8D0E-9D8559CDE3EA}.Debug|x64.Build.0 = Debug|x64
		{F7BDD9BD-1E84-4DDA-8D0E-9D8559CDE3EA}.Debug|x86.ActiveCfg = Debug|x86
		{F7BDD9BD-1E84-4DDA-8D0E-9D8559CDE3EA}.Debug|x86.Build.0 = Debug|x86
		{F7BDD9BD-1E84-4DDA-8D0E-9D8559CDE3EA}.Release|Any CPU.ActiveCfg = Release|Any CPU
		{F7BDD9BD-1E84-4DDA-8D0E-9D8559CDE3EA}.Release|Any CPU.Build.0 = Release|Any CPU
		{F7BDD9BD-1E84-4DDA-8D0E-9D8559CDE3EA}.Release|ARM.ActiveCfg = Release|ARM
		{F7BDD9BD-1E84-4DDA-8D0E-9D8559CDE3EA}.Release|ARM.Build.0 = Release|ARM
		{F7BDD9BD-1E84-4DDA-8D0E-9D8559CDE3EA}.Release|ARM64.ActiveCfg = Release|ARM64
		{F7BDD9BD-1E84-4DDA-8D0E-9D8559CDE3EA}.Release|ARM64.Build.0 = Release|ARM64
		{F7BDD9BD-1E84-4DDA-8D0E-9D8559CDE3EA}.Release|x64.ActiveCfg = Release|x64
		{F7BDD9BD-1E84-4DDA-8D0E-9D8559CDE3EA}.Release|x64.Build.0 = Release|x64
		{F7BDD9BD-1E84-4DDA-8D0E-9D8559CDE3EA}.Release|x86.ActiveCfg = Release|x86
		{F7BDD9BD-1E84-4DDA-8D0E-9D8559CDE3EA}.Release|x86.Build.0 = Release|x86
		{3AD30200-0CDD-4143-8EBE-6A827B4B4B27}.Debug|Any CPU.ActiveCfg = Debug|Any CPU
		{3AD30200-0CDD-4143-8EBE-6A827B4B4B27}.Debug|Any CPU.Build.0 = Debug|Any CPU
		{3AD30200-0CDD-4143-8EBE-6A827B4B4B27}.Debug|ARM.ActiveCfg = Debug|ARM
		{3AD30200-0CDD-4143-8EBE-6A827B4B4B27}.Debug|ARM.Build.0 = Debug|ARM
		{3AD30200-0CDD-4143-8EBE-6A827B4B4B27}.Debug|ARM64.ActiveCfg = Debug|ARM64
		{3AD30200-0CDD-4143-8EBE-6A827B4B4B27}.Debug|ARM64.Build.0 = Debug|ARM64
		{3AD30200-0CDD-4143-8EBE-6A827B4B4B27}.Debug|x64.ActiveCfg = Debug|x64
		{3AD30200-0CDD-4143-8EBE-6A827B4B4B27}.Debug|x64.Build.0 = Debug|x64
		{3AD30200-0CDD-4143-8EBE-6A827B4B4B27}.Debug|x86.ActiveCfg = Debug|x86
		{3AD30200-0CDD-4143-8EBE-6A827B4B4B27}.Debug|x86.Build.0 = Debug|x86
		{3AD30200-0CDD-4143-8EBE-6A827B4B4B27}.Release|Any CPU.ActiveCfg = Release|Any CPU
		{3AD30200-0CDD-4143-8EBE-6A827B4B4B27}.Release|Any CPU.Build.0 = Release|Any CPU
		{3AD30200-0CDD-4143-8EBE-6A827B4B4B27}.Release|ARM.ActiveCfg = Release|ARM
		{3AD30200-0CDD-4143-8EBE-6A827B4B4B27}.Release|ARM.Build.0 = Release|ARM
		{3AD30200-0CDD-4143-8EBE-6A827B4B4B27}.Release|ARM64.ActiveCfg = Release|ARM64
		{3AD30200-0CDD-4143-8EBE-6A827B4B4B27}.Release|ARM64.Build.0 = Release|ARM64
		{3AD30200-0CDD-4143-8EBE-6A827B4B4B27}.Release|x64.ActiveCfg = Release|x64
		{3AD30200-0CDD-4143-8EBE-6A827B4B4B27}.Release|x64.Build.0 = Release|x64
		{3AD30200-0CDD-4143-8EBE-6A827B4B4B27}.Release|x86.ActiveCfg = Release|x86
		{3AD30200-0CDD-4143-8EBE-6A827B4B4B27}.Release|x86.Build.0 = Release|x86
	EndGlobalSection
	GlobalSection(SolutionProperties) = preSolution
		HideSolutionNode = FALSE
	EndGlobalSection
	GlobalSection(ExtensibilityGlobals) = postSolution
		SolutionGuid = {883B9EEF-D01D-4891-9B39-68EB9774388A}
	EndGlobalSection
EndGlobal
